
Microsoft Visual Studio Solution File, Format Version 12.00
# Visual Studio Version 16
VisualStudioVersion = 16.0.31205.134
MinimumVisualStudioVersion = 10.0.40219.1
Project("{FAE04EC0-301F-11D3-BF4B-00C04F79EFBC}") = "Newspaper", "Newspaper.csproj", "{03F0A379-B3C2-4A2E-8374-D89E541E0E2D}"
EndProject
Global
	GlobalSection(SolutionConfigurationPlatforms) = preSolution
		Debug|Any CPU = Debug|Any CPU
		Release|Any CPU = Release|Any CPU
	EndGlobalSection
	GlobalSection(ProjectConfigurationPlatforms) = postSolution
		{03F0A379-B3C2-4A2E-8374-D89E541E0E2D}.Debug|Any CPU.ActiveCfg = Debug|Any CPU
		{03F0A379-B3C2-4A2E-8374-D89E541E0E2D}.Debug|Any CPU.Build.0 = Debug|Any CPU
		{03F0A379-B3C2-4A2E-8374-D89E541E0E2D}.Release|Any CPU.ActiveCfg = Release|Any CPU
		{03F0A379-B3C2-4A2E-8374-D89E541E0E2D}.Release|Any CPU.Build.0 = Release|Any CPU
	EndGlobalSection
	GlobalSection(SolutionProperties) = preSolution
		HideSolutionNode = FALSE
	EndGlobalSection
	GlobalSection(ExtensibilityGlobals) = postSolution
		SolutionGuid = {AC38EE98-69AE-4AD7-A378-BCF51520C985}
	EndGlobalSection
EndGlobal
